// !$*UTF8*$!
{
	archiveVersion = 1;
	classes = {
	};
	objectVersion = 56;
	objects = {

/* Begin PBXBuildFile section */
		CA2050E7DE5C97754188F353 /* Pods_SpotifyApp.framework in Frameworks */ = {isa = PBXBuildFile; fileRef = 877B6E03426DDB8F6A57623F /* Pods_SpotifyApp.framework */; };
		E801E4022A48D681003763C2 /* LibraryPlaylistsViewController.swift in Sources */ = {isa = PBXBuildFile; fileRef = E801E4012A48D681003763C2 /* LibraryPlaylistsViewController.swift */; };
		E801E4042A48D6A0003763C2 /* LibraryAlbumsViewController.swift in Sources */ = {isa = PBXBuildFile; fileRef = E801E4032A48D6A0003763C2 /* LibraryAlbumsViewController.swift */; };
		E801E4062A48D841003763C2 /* LibraryToggleView.swift in Sources */ = {isa = PBXBuildFile; fileRef = E801E4052A48D841003763C2 /* LibraryToggleView.swift */; };
		E8076DC02A3A1F1200B34DDE /* SearchResult.swift in Sources */ = {isa = PBXBuildFile; fileRef = E8076DBF2A3A1F1200B34DDE /* SearchResult.swift */; };
		E8076DC22A3A1F4200B34DDE /* SearchResultsResponse.swift in Sources */ = {isa = PBXBuildFile; fileRef = E8076DC12A3A1F4200B34DDE /* SearchResultsResponse.swift */; };
		E8180A262A288A2D00CCBC0F /* Extensions.swift in Sources */ = {isa = PBXBuildFile; fileRef = E8180A252A288A2D00CCBC0F /* Extensions.swift */; };
		E82663822A2DEE0400ED124B /* NewReleasesResponse.swift in Sources */ = {isa = PBXBuildFile; fileRef = E82663812A2DEE0400ED124B /* NewReleasesResponse.swift */; };
		E82663842A2DEF4200ED124B /* APIImage.swift in Sources */ = {isa = PBXBuildFile; fileRef = E82663832A2DEF4200ED124B /* APIImage.swift */; };
		E82663862A2DF52B00ED124B /* FeaturedPlaylistsResponse.swift in Sources */ = {isa = PBXBuildFile; fileRef = E82663852A2DF52B00ED124B /* FeaturedPlaylistsResponse.swift */; };
		E82663882A2DFDF500ED124B /* RecommendedGenresResponse.swift in Sources */ = {isa = PBXBuildFile; fileRef = E82663872A2DFDF500ED124B /* RecommendedGenresResponse.swift */; };
		E846EF5D2A5017CE002724B3 /* LibraryAlbumsResponse.swift in Sources */ = {isa = PBXBuildFile; fileRef = E846EF5C2A5017CE002724B3 /* LibraryAlbumsResponse.swift */; };
		E856BB5B2A35CA3700CFD524 /* TitleHeaderCollectionReusableView.swift in Sources */ = {isa = PBXBuildFile; fileRef = E856BB5A2A35CA3700CFD524 /* TitleHeaderCollectionReusableView.swift */; };
		E856BB5D2A35D8D900CFD524 /* AlbumTrackCollectionViewCell.swift in Sources */ = {isa = PBXBuildFile; fileRef = E856BB5C2A35D8D900CFD524 /* AlbumTrackCollectionViewCell.swift */; };
		E856BB5F2A35D95C00CFD524 /* AlbumCollectionViewCellViewModel.swift in Sources */ = {isa = PBXBuildFile; fileRef = E856BB5E2A35D95C00CFD524 /* AlbumCollectionViewCellViewModel.swift */; };
		E86FC7F12A308ACC0038A9D8 /* RecommendationsResponse.swift in Sources */ = {isa = PBXBuildFile; fileRef = E86FC7F02A308ACC0038A9D8 /* RecommendationsResponse.swift */; };
		E86FC7F42A310A730038A9D8 /* NewReleaseCollectionViewCell.swift in Sources */ = {isa = PBXBuildFile; fileRef = E86FC7F32A310A730038A9D8 /* NewReleaseCollectionViewCell.swift */; };
		E86FC7F62A310AB70038A9D8 /* FeaturedPlaylistCollectionViewCell.swift in Sources */ = {isa = PBXBuildFile; fileRef = E86FC7F52A310AB70038A9D8 /* FeaturedPlaylistCollectionViewCell.swift */; };
		E86FC7F82A310AE60038A9D8 /* RecommendedTrackCollectionViewCell.swift in Sources */ = {isa = PBXBuildFile; fileRef = E86FC7F72A310AE60038A9D8 /* RecommendedTrackCollectionViewCell.swift */; };
		E87265412A49BC55006E75EF /* LibraryPlaylistsResponse.swift in Sources */ = {isa = PBXBuildFile; fileRef = E87265402A49BC55006E75EF /* LibraryPlaylistsResponse.swift */; };
		E87265432A49BE57006E75EF /* ActionLabelView.swift in Sources */ = {isa = PBXBuildFile; fileRef = E87265422A49BE57006E75EF /* ActionLabelView.swift */; };
		E87CD48D2A3878DB00113891 /* CategoryCollectionViewCell.swift in Sources */ = {isa = PBXBuildFile; fileRef = E87CD48C2A3878DB00113891 /* CategoryCollectionViewCell.swift */; };
		E87CD48F2A387AC200113891 /* GenreCollectionViewCellViewModel.swift in Sources */ = {isa = PBXBuildFile; fileRef = E87CD48E2A387AC200113891 /* GenreCollectionViewCellViewModel.swift */; };
		E87CD4912A38832F00113891 /* AllCategoriesResponse.swift in Sources */ = {isa = PBXBuildFile; fileRef = E87CD4902A38832F00113891 /* AllCategoriesResponse.swift */; };
		E87CD4932A3889B700113891 /* CategoryCollectionViewCellViewModel.swift in Sources */ = {isa = PBXBuildFile; fileRef = E87CD4922A3889B700113891 /* CategoryCollectionViewCellViewModel.swift */; };
		E87CD4972A388C0100113891 /* CategoryViewController.swift in Sources */ = {isa = PBXBuildFile; fileRef = E87CD4962A388C0100113891 /* CategoryViewController.swift */; };
		E884252E2A325E0B002109CB /* AlbumViewController.swift in Sources */ = {isa = PBXBuildFile; fileRef = E884252D2A325E0B002109CB /* AlbumViewController.swift */; };
		E88425302A326391002109CB /* AlbumDetailsResponse.swift in Sources */ = {isa = PBXBuildFile; fileRef = E884252F2A326391002109CB /* AlbumDetailsResponse.swift */; };
		E88425322A326823002109CB /* PlaylistDetailsResponse.swift in Sources */ = {isa = PBXBuildFile; fileRef = E88425312A326823002109CB /* PlaylistDetailsResponse.swift */; };
		E8844D832A27A5C800C2D290 /* AppDelegate.swift in Sources */ = {isa = PBXBuildFile; fileRef = E8844D822A27A5C800C2D290 /* AppDelegate.swift */; };
		E8844D852A27A5C800C2D290 /* SceneDelegate.swift in Sources */ = {isa = PBXBuildFile; fileRef = E8844D842A27A5C800C2D290 /* SceneDelegate.swift */; };
		E8844D872A27A5C800C2D290 /* HomeViewController.swift in Sources */ = {isa = PBXBuildFile; fileRef = E8844D862A27A5C800C2D290 /* HomeViewController.swift */; };
		E8844D8C2A27A5C900C2D290 /* Assets.xcassets in Resources */ = {isa = PBXBuildFile; fileRef = E8844D8B2A27A5C900C2D290 /* Assets.xcassets */; };
		E8844D8F2A27A5C900C2D290 /* LaunchScreen.storyboard in Resources */ = {isa = PBXBuildFile; fileRef = E8844D8D2A27A5C900C2D290 /* LaunchScreen.storyboard */; };
		E8844D9D2A27AA8200C2D290 /* TabBarViewController.swift in Sources */ = {isa = PBXBuildFile; fileRef = E8844D9C2A27AA8200C2D290 /* TabBarViewController.swift */; };
		E8844D9F2A27AAD700C2D290 /* SearchViewController.swift in Sources */ = {isa = PBXBuildFile; fileRef = E8844D9E2A27AAD700C2D290 /* SearchViewController.swift */; };
		E8844DA12A27AB0B00C2D290 /* LibraryViewController.swift in Sources */ = {isa = PBXBuildFile; fileRef = E8844DA02A27AB0B00C2D290 /* LibraryViewController.swift */; };
		E8844DA52A27AB5E00C2D290 /* AuthViewController.swift in Sources */ = {isa = PBXBuildFile; fileRef = E8844DA42A27AB5E00C2D290 /* AuthViewController.swift */; };
		E8844DA72A27AB7A00C2D290 /* WelcomeViewController.swift in Sources */ = {isa = PBXBuildFile; fileRef = E8844DA62A27AB7A00C2D290 /* WelcomeViewController.swift */; };
		E8844DA92A27ABA200C2D290 /* SettingsViewController.swift in Sources */ = {isa = PBXBuildFile; fileRef = E8844DA82A27ABA200C2D290 /* SettingsViewController.swift */; };
		E8844DAB2A27ABB900C2D290 /* ProfileViewController.swift in Sources */ = {isa = PBXBuildFile; fileRef = E8844DAA2A27ABB900C2D290 /* ProfileViewController.swift */; };
		E8844DAD2A27ABD300C2D290 /* PlayerViewController.swift in Sources */ = {isa = PBXBuildFile; fileRef = E8844DAC2A27ABD300C2D290 /* PlayerViewController.swift */; };
		E8844DAF2A27ABF000C2D290 /* PlaylistViewController.swift in Sources */ = {isa = PBXBuildFile; fileRef = E8844DAE2A27ABF000C2D290 /* PlaylistViewController.swift */; };
		E8844DB12A27AC1600C2D290 /* SearchResultsViewController.swift in Sources */ = {isa = PBXBuildFile; fileRef = E8844DB02A27AC1600C2D290 /* SearchResultsViewController.swift */; };
		E8844DB32A27AE1E00C2D290 /* AuthManager.swift in Sources */ = {isa = PBXBuildFile; fileRef = E8844DB22A27AE1E00C2D290 /* AuthManager.swift */; };
		E8844DB52A27AE4700C2D290 /* APICaller.swift in Sources */ = {isa = PBXBuildFile; fileRef = E8844DB42A27AE4700C2D290 /* APICaller.swift */; };
		E8844DB72A27AE6300C2D290 /* HapticsManager.swift in Sources */ = {isa = PBXBuildFile; fileRef = E8844DB62A27AE6300C2D290 /* HapticsManager.swift */; };
		E8844DB92A27AE9900C2D290 /* Playlist.swift in Sources */ = {isa = PBXBuildFile; fileRef = E8844DB82A27AE9900C2D290 /* Playlist.swift */; };
		E8844DBD2A27AEC300C2D290 /* AudioTrack.swift in Sources */ = {isa = PBXBuildFile; fileRef = E8844DBC2A27AEC300C2D290 /* AudioTrack.swift */; };
		E8844DBF2A27AEE100C2D290 /* Artist.swift in Sources */ = {isa = PBXBuildFile; fileRef = E8844DBE2A27AEE100C2D290 /* Artist.swift */; };
		E8844DC12A27AF1A00C2D290 /* UserProfile.swift in Sources */ = {isa = PBXBuildFile; fileRef = E8844DC02A27AF1A00C2D290 /* UserProfile.swift */; };
		E885BC112A34898E00ECBEE0 /* PlaylistHeaderCollectionReusableView.swift in Sources */ = {isa = PBXBuildFile; fileRef = E885BC102A34898E00ECBEE0 /* PlaylistHeaderCollectionReusableView.swift */; };
		E885BC132A348FB000ECBEE0 /* PlaylistHeadeViewViewModel.swift in Sources */ = {isa = PBXBuildFile; fileRef = E885BC122A348FB000ECBEE0 /* PlaylistHeadeViewViewModel.swift */; };
		E89692462A3B0F5D002EEA39 /* SearchResultDefaultTableViewCell.swift in Sources */ = {isa = PBXBuildFile; fileRef = E89692452A3B0F5D002EEA39 /* SearchResultDefaultTableViewCell.swift */; };
		E89692482A3B12E2002EEA39 /* SearchResultDefaultTableViewCellViewModel.swift in Sources */ = {isa = PBXBuildFile; fileRef = E89692472A3B12E2002EEA39 /* SearchResultDefaultTableViewCellViewModel.swift */; };
		E896924A2A3B21D3002EEA39 /* SearchResultSubtitleTableViewCell.swift in Sources */ = {isa = PBXBuildFile; fileRef = E89692492A3B21D3002EEA39 /* SearchResultSubtitleTableViewCell.swift */; };
		E896924C2A3B22FB002EEA39 /* SearchResultSubtitleTableViewCellViewModel.swift in Sources */ = {isa = PBXBuildFile; fileRef = E896924B2A3B22FB002EEA39 /* SearchResultSubtitleTableViewCellViewModel.swift */; };
		E89E09DA2A3C549B0009A51A /* PlaybackPresenter.swift in Sources */ = {isa = PBXBuildFile; fileRef = E89E09D92A3C549B0009A51A /* PlaybackPresenter.swift */; };
		E89E09DC2A3C5CD60009A51A /* PlayerControlsView.swift in Sources */ = {isa = PBXBuildFile; fileRef = E89E09DB2A3C5CD60009A51A /* PlayerControlsView.swift */; };
		E8A6070C2A3238AF00C2CA23 /* FeaturedPlaylistCellViewModel.swift in Sources */ = {isa = PBXBuildFile; fileRef = E8A6070B2A3238AF00C2CA23 /* FeaturedPlaylistCellViewModel.swift */; };
		E8A6070E2A32390300C2CA23 /* RecommendedTrackCellViewModel.swift in Sources */ = {isa = PBXBuildFile; fileRef = E8A6070D2A32390300C2CA23 /* RecommendedTrackCellViewModel.swift */; };
		E8B1DBCC2A29E74900EEA38C /* AuthResponse.swift in Sources */ = {isa = PBXBuildFile; fileRef = E8B1DBCB2A29E74900EEA38C /* AuthResponse.swift */; };
		E8C3DA482A2A487F0043713B /* SettingsModels.swift in Sources */ = {isa = PBXBuildFile; fileRef = E8C3DA472A2A487F0043713B /* SettingsModels.swift */; };
		E8E459F82A31D2E500836021 /* NewReleasesCellViewModel.swift in Sources */ = {isa = PBXBuildFile; fileRef = E8E459F72A31D2E500836021 /* NewReleasesCellViewModel.swift */; };
/* End PBXBuildFile section */

/* Begin PBXFileReference section */
		4E72981B6D83553ACA2A2260 /* Pods-SpotifyApp.release.xcconfig */ = {isa = PBXFileReference; includeInIndex = 1; lastKnownFileType = text.xcconfig; name = "Pods-SpotifyApp.release.xcconfig"; path = "Target Support Files/Pods-SpotifyApp/Pods-SpotifyApp.release.xcconfig"; sourceTree = "<group>"; };
		877B6E03426DDB8F6A57623F /* Pods_SpotifyApp.framework */ = {isa = PBXFileReference; explicitFileType = wrapper.framework; includeInIndex = 0; path = Pods_SpotifyApp.framework; sourceTree = BUILT_PRODUCTS_DIR; };
		E801E4012A48D681003763C2 /* LibraryPlaylistsViewController.swift */ = {isa = PBXFileReference; lastKnownFileType = sourcecode.swift; path = LibraryPlaylistsViewController.swift; sourceTree = "<group>"; };
		E801E4032A48D6A0003763C2 /* LibraryAlbumsViewController.swift */ = {isa = PBXFileReference; lastKnownFileType = sourcecode.swift; path = LibraryAlbumsViewController.swift; sourceTree = "<group>"; };
		E801E4052A48D841003763C2 /* LibraryToggleView.swift */ = {isa = PBXFileReference; lastKnownFileType = sourcecode.swift; path = LibraryToggleView.swift; sourceTree = "<group>"; };
		E8076DBF2A3A1F1200B34DDE /* SearchResult.swift */ = {isa = PBXFileReference; lastKnownFileType = sourcecode.swift; path = SearchResult.swift; sourceTree = "<group>"; };
		E8076DC12A3A1F4200B34DDE /* SearchResultsResponse.swift */ = {isa = PBXFileReference; lastKnownFileType = sourcecode.swift; path = SearchResultsResponse.swift; sourceTree = "<group>"; };
		E8180A252A288A2D00CCBC0F /* Extensions.swift */ = {isa = PBXFileReference; lastKnownFileType = sourcecode.swift; path = Extensions.swift; sourceTree = "<group>"; };
		E82663812A2DEE0400ED124B /* NewReleasesResponse.swift */ = {isa = PBXFileReference; lastKnownFileType = sourcecode.swift; path = NewReleasesResponse.swift; sourceTree = "<group>"; };
		E82663832A2DEF4200ED124B /* APIImage.swift */ = {isa = PBXFileReference; lastKnownFileType = sourcecode.swift; path = APIImage.swift; sourceTree = "<group>"; };
		E82663852A2DF52B00ED124B /* FeaturedPlaylistsResponse.swift */ = {isa = PBXFileReference; lastKnownFileType = sourcecode.swift; path = FeaturedPlaylistsResponse.swift; sourceTree = "<group>"; };
		E82663872A2DFDF500ED124B /* RecommendedGenresResponse.swift */ = {isa = PBXFileReference; lastKnownFileType = sourcecode.swift; path = RecommendedGenresResponse.swift; sourceTree = "<group>"; };
		E846EF5C2A5017CE002724B3 /* LibraryAlbumsResponse.swift */ = {isa = PBXFileReference; lastKnownFileType = sourcecode.swift; path = LibraryAlbumsResponse.swift; sourceTree = "<group>"; };
		E856BB5A2A35CA3700CFD524 /* TitleHeaderCollectionReusableView.swift */ = {isa = PBXFileReference; lastKnownFileType = sourcecode.swift; path = TitleHeaderCollectionReusableView.swift; sourceTree = "<group>"; };
		E856BB5C2A35D8D900CFD524 /* AlbumTrackCollectionViewCell.swift */ = {isa = PBXFileReference; lastKnownFileType = sourcecode.swift; path = AlbumTrackCollectionViewCell.swift; sourceTree = "<group>"; };
		E856BB5E2A35D95C00CFD524 /* AlbumCollectionViewCellViewModel.swift */ = {isa = PBXFileReference; lastKnownFileType = sourcecode.swift; path = AlbumCollectionViewCellViewModel.swift; sourceTree = "<group>"; };
		E86FC7F02A308ACC0038A9D8 /* RecommendationsResponse.swift */ = {isa = PBXFileReference; lastKnownFileType = sourcecode.swift; path = RecommendationsResponse.swift; sourceTree = "<group>"; };
		E86FC7F32A310A730038A9D8 /* NewReleaseCollectionViewCell.swift */ = {isa = PBXFileReference; lastKnownFileType = sourcecode.swift; path = NewReleaseCollectionViewCell.swift; sourceTree = "<group>"; };
		E86FC7F52A310AB70038A9D8 /* FeaturedPlaylistCollectionViewCell.swift */ = {isa = PBXFileReference; lastKnownFileType = sourcecode.swift; path = FeaturedPlaylistCollectionViewCell.swift; sourceTree = "<group>"; };
		E86FC7F72A310AE60038A9D8 /* RecommendedTrackCollectionViewCell.swift */ = {isa = PBXFileReference; lastKnownFileType = sourcecode.swift; path = RecommendedTrackCollectionViewCell.swift; sourceTree = "<group>"; };
		E87265402A49BC55006E75EF /* LibraryPlaylistsResponse.swift */ = {isa = PBXFileReference; lastKnownFileType = sourcecode.swift; path = LibraryPlaylistsResponse.swift; sourceTree = "<group>"; };
		E87265422A49BE57006E75EF /* ActionLabelView.swift */ = {isa = PBXFileReference; lastKnownFileType = sourcecode.swift; path = ActionLabelView.swift; sourceTree = "<group>"; };
		E87CD48C2A3878DB00113891 /* CategoryCollectionViewCell.swift */ = {isa = PBXFileReference; lastKnownFileType = sourcecode.swift; path = CategoryCollectionViewCell.swift; sourceTree = "<group>"; };
		E87CD48E2A387AC200113891 /* GenreCollectionViewCellViewModel.swift */ = {isa = PBXFileReference; lastKnownFileType = sourcecode.swift; path = GenreCollectionViewCellViewModel.swift; sourceTree = "<group>"; };
		E87CD4902A38832F00113891 /* AllCategoriesResponse.swift */ = {isa = PBXFileReference; lastKnownFileType = sourcecode.swift; path = AllCategoriesResponse.swift; sourceTree = "<group>"; };
		E87CD4922A3889B700113891 /* CategoryCollectionViewCellViewModel.swift */ = {isa = PBXFileReference; lastKnownFileType = sourcecode.swift; path = CategoryCollectionViewCellViewModel.swift; sourceTree = "<group>"; };
		E87CD4962A388C0100113891 /* CategoryViewController.swift */ = {isa = PBXFileReference; lastKnownFileType = sourcecode.swift; path = CategoryViewController.swift; sourceTree = "<group>"; };
		E884252D2A325E0B002109CB /* AlbumViewController.swift */ = {isa = PBXFileReference; lastKnownFileType = sourcecode.swift; path = AlbumViewController.swift; sourceTree = "<group>"; };
		E884252F2A326391002109CB /* AlbumDetailsResponse.swift */ = {isa = PBXFileReference; lastKnownFileType = sourcecode.swift; path = AlbumDetailsResponse.swift; sourceTree = "<group>"; };
		E88425312A326823002109CB /* PlaylistDetailsResponse.swift */ = {isa = PBXFileReference; lastKnownFileType = sourcecode.swift; path = PlaylistDetailsResponse.swift; sourceTree = "<group>"; };
		E8844D7F2A27A5C800C2D290 /* SpotifyApp.app */ = {isa = PBXFileReference; explicitFileType = wrapper.application; includeInIndex = 0; path = SpotifyApp.app; sourceTree = BUILT_PRODUCTS_DIR; };
		E8844D822A27A5C800C2D290 /* AppDelegate.swift */ = {isa = PBXFileReference; lastKnownFileType = sourcecode.swift; path = AppDelegate.swift; sourceTree = "<group>"; };
		E8844D842A27A5C800C2D290 /* SceneDelegate.swift */ = {isa = PBXFileReference; lastKnownFileType = sourcecode.swift; path = SceneDelegate.swift; sourceTree = "<group>"; };
		E8844D862A27A5C800C2D290 /* HomeViewController.swift */ = {isa = PBXFileReference; lastKnownFileType = sourcecode.swift; path = HomeViewController.swift; sourceTree = "<group>"; };
		E8844D8B2A27A5C900C2D290 /* Assets.xcassets */ = {isa = PBXFileReference; lastKnownFileType = folder.assetcatalog; path = Assets.xcassets; sourceTree = "<group>"; };
		E8844D8E2A27A5C900C2D290 /* Base */ = {isa = PBXFileReference; lastKnownFileType = file.storyboard; name = Base; path = Base.lproj/LaunchScreen.storyboard; sourceTree = "<group>"; };
		E8844D902A27A5C900C2D290 /* Info.plist */ = {isa = PBXFileReference; lastKnownFileType = text.plist.xml; path = Info.plist; sourceTree = "<group>"; };
		E8844D9C2A27AA8200C2D290 /* TabBarViewController.swift */ = {isa = PBXFileReference; lastKnownFileType = sourcecode.swift; path = TabBarViewController.swift; sourceTree = "<group>"; };
		E8844D9E2A27AAD700C2D290 /* SearchViewController.swift */ = {isa = PBXFileReference; lastKnownFileType = sourcecode.swift; path = SearchViewController.swift; sourceTree = "<group>"; };
		E8844DA02A27AB0B00C2D290 /* LibraryViewController.swift */ = {isa = PBXFileReference; lastKnownFileType = sourcecode.swift; path = LibraryViewController.swift; sourceTree = "<group>"; };
		E8844DA42A27AB5E00C2D290 /* AuthViewController.swift */ = {isa = PBXFileReference; lastKnownFileType = sourcecode.swift; path = AuthViewController.swift; sourceTree = "<group>"; };
		E8844DA62A27AB7A00C2D290 /* WelcomeViewController.swift */ = {isa = PBXFileReference; lastKnownFileType = sourcecode.swift; path = WelcomeViewController.swift; sourceTree = "<group>"; };
		E8844DA82A27ABA200C2D290 /* SettingsViewController.swift */ = {isa = PBXFileReference; lastKnownFileType = sourcecode.swift; path = SettingsViewController.swift; sourceTree = "<group>"; };
		E8844DAA2A27ABB900C2D290 /* ProfileViewController.swift */ = {isa = PBXFileReference; lastKnownFileType = sourcecode.swift; path = ProfileViewController.swift; sourceTree = "<group>"; };
		E8844DAC2A27ABD300C2D290 /* PlayerViewController.swift */ = {isa = PBXFileReference; lastKnownFileType = sourcecode.swift; path = PlayerViewController.swift; sourceTree = "<group>"; };
		E8844DAE2A27ABF000C2D290 /* PlaylistViewController.swift */ = {isa = PBXFileReference; lastKnownFileType = sourcecode.swift; path = PlaylistViewController.swift; sourceTree = "<group>"; };
		E8844DB02A27AC1600C2D290 /* SearchResultsViewController.swift */ = {isa = PBXFileReference; lastKnownFileType = sourcecode.swift; path = SearchResultsViewController.swift; sourceTree = "<group>"; };
		E8844DB22A27AE1E00C2D290 /* AuthManager.swift */ = {isa = PBXFileReference; lastKnownFileType = sourcecode.swift; path = AuthManager.swift; sourceTree = "<group>"; };
		E8844DB42A27AE4700C2D290 /* APICaller.swift */ = {isa = PBXFileReference; lastKnownFileType = sourcecode.swift; path = APICaller.swift; sourceTree = "<group>"; };
		E8844DB62A27AE6300C2D290 /* HapticsManager.swift */ = {isa = PBXFileReference; lastKnownFileType = sourcecode.swift; path = HapticsManager.swift; sourceTree = "<group>"; };
		E8844DB82A27AE9900C2D290 /* Playlist.swift */ = {isa = PBXFileReference; lastKnownFileType = sourcecode.swift; path = Playlist.swift; sourceTree = "<group>"; };
		E8844DBC2A27AEC300C2D290 /* AudioTrack.swift */ = {isa = PBXFileReference; lastKnownFileType = sourcecode.swift; path = AudioTrack.swift; sourceTree = "<group>"; };
		E8844DBE2A27AEE100C2D290 /* Artist.swift */ = {isa = PBXFileReference; lastKnownFileType = sourcecode.swift; path = Artist.swift; sourceTree = "<group>"; };
		E8844DC02A27AF1A00C2D290 /* UserProfile.swift */ = {isa = PBXFileReference; lastKnownFileType = sourcecode.swift; path = UserProfile.swift; sourceTree = "<group>"; };
		E885BC102A34898E00ECBEE0 /* PlaylistHeaderCollectionReusableView.swift */ = {isa = PBXFileReference; lastKnownFileType = sourcecode.swift; path = PlaylistHeaderCollectionReusableView.swift; sourceTree = "<group>"; };
		E885BC122A348FB000ECBEE0 /* PlaylistHeadeViewViewModel.swift */ = {isa = PBXFileReference; lastKnownFileType = sourcecode.swift; path = PlaylistHeadeViewViewModel.swift; sourceTree = "<group>"; };
		E89692452A3B0F5D002EEA39 /* SearchResultDefaultTableViewCell.swift */ = {isa = PBXFileReference; lastKnownFileType = sourcecode.swift; path = SearchResultDefaultTableViewCell.swift; sourceTree = "<group>"; };
		E89692472A3B12E2002EEA39 /* SearchResultDefaultTableViewCellViewModel.swift */ = {isa = PBXFileReference; lastKnownFileType = sourcecode.swift; path = SearchResultDefaultTableViewCellViewModel.swift; sourceTree = "<group>"; };
		E89692492A3B21D3002EEA39 /* SearchResultSubtitleTableViewCell.swift */ = {isa = PBXFileReference; lastKnownFileType = sourcecode.swift; path = SearchResultSubtitleTableViewCell.swift; sourceTree = "<group>"; };
		E896924B2A3B22FB002EEA39 /* SearchResultSubtitleTableViewCellViewModel.swift */ = {isa = PBXFileReference; lastKnownFileType = sourcecode.swift; path = SearchResultSubtitleTableViewCellViewModel.swift; sourceTree = "<group>"; };
		E89E09D92A3C549B0009A51A /* PlaybackPresenter.swift */ = {isa = PBXFileReference; lastKnownFileType = sourcecode.swift; path = PlaybackPresenter.swift; sourceTree = "<group>"; };
		E89E09DB2A3C5CD60009A51A /* PlayerControlsView.swift */ = {isa = PBXFileReference; lastKnownFileType = sourcecode.swift; path = PlayerControlsView.swift; sourceTree = "<group>"; };
		E8A6070B2A3238AF00C2CA23 /* FeaturedPlaylistCellViewModel.swift */ = {isa = PBXFileReference; lastKnownFileType = sourcecode.swift; path = FeaturedPlaylistCellViewModel.swift; sourceTree = "<group>"; };
		E8A6070D2A32390300C2CA23 /* RecommendedTrackCellViewModel.swift */ = {isa = PBXFileReference; lastKnownFileType = sourcecode.swift; path = RecommendedTrackCellViewModel.swift; sourceTree = "<group>"; };
		E8B1DBCB2A29E74900EEA38C /* AuthResponse.swift */ = {isa = PBXFileReference; lastKnownFileType = sourcecode.swift; path = AuthResponse.swift; sourceTree = "<group>"; };
		E8C3DA472A2A487F0043713B /* SettingsModels.swift */ = {isa = PBXFileReference; lastKnownFileType = sourcecode.swift; path = SettingsModels.swift; sourceTree = "<group>"; };
		E8E459F72A31D2E500836021 /* NewReleasesCellViewModel.swift */ = {isa = PBXFileReference; lastKnownFileType = sourcecode.swift; path = NewReleasesCellViewModel.swift; sourceTree = "<group>"; };
		FC12B523C0B0A643951FE026 /* Pods-SpotifyApp.debug.xcconfig */ = {isa = PBXFileReference; includeInIndex = 1; lastKnownFileType = text.xcconfig; name = "Pods-SpotifyApp.debug.xcconfig"; path = "Target Support Files/Pods-SpotifyApp/Pods-SpotifyApp.debug.xcconfig"; sourceTree = "<group>"; };
/* End PBXFileReference section */

/* Begin PBXFrameworksBuildPhase section */
		E8844D7C2A27A5C800C2D290 /* Frameworks */ = {
			isa = PBXFrameworksBuildPhase;
			buildActionMask = 2147483647;
			files = (
				CA2050E7DE5C97754188F353 /* Pods_SpotifyApp.framework in Frameworks */,
			);
			runOnlyForDeploymentPostprocessing = 0;
		};
/* End PBXFrameworksBuildPhase section */

/* Begin PBXGroup section */
		80098FCD2CDE9893DF4B9705 /* Frameworks */ = {
			isa = PBXGroup;
			children = (
				877B6E03426DDB8F6A57623F /* Pods_SpotifyApp.framework */,
			);
			name = Frameworks;
			sourceTree = "<group>";
		};
		8E8C8B3C596DA2D4C250E129 /* Pods */ = {
			isa = PBXGroup;
			children = (
				FC12B523C0B0A643951FE026 /* Pods-SpotifyApp.debug.xcconfig */,
				4E72981B6D83553ACA2A2260 /* Pods-SpotifyApp.release.xcconfig */,
			);
			path = Pods;
			sourceTree = "<group>";
		};
		E801E4002A48D65D003763C2 /* Library */ = {
			isa = PBXGroup;
			children = (
				E801E4012A48D681003763C2 /* LibraryPlaylistsViewController.swift */,
				E801E4032A48D6A0003763C2 /* LibraryAlbumsViewController.swift */,
			);
			path = Library;
			sourceTree = "<group>";
		};
		E86FC7F22A310A2E0038A9D8 /* Browse */ = {
			isa = PBXGroup;
			children = (
				E86FC7F32A310A730038A9D8 /* NewReleaseCollectionViewCell.swift */,
				E86FC7F52A310AB70038A9D8 /* FeaturedPlaylistCollectionViewCell.swift */,
				E86FC7F72A310AE60038A9D8 /* RecommendedTrackCollectionViewCell.swift */,
			);
			path = Browse;
			sourceTree = "<group>";
		};
		E8844D762A27A5C800C2D290 = {
			isa = PBXGroup;
			children = (
				E8844D812A27A5C800C2D290 /* SpotifyApp */,
				E8844D802A27A5C800C2D290 /* Products */,
				8E8C8B3C596DA2D4C250E129 /* Pods */,
				80098FCD2CDE9893DF4B9705 /* Frameworks */,
			);
			sourceTree = "<group>";
		};
		E8844D802A27A5C800C2D290 /* Products */ = {
			isa = PBXGroup;
			children = (
				E8844D7F2A27A5C800C2D290 /* SpotifyApp.app */,
			);
			name = Products;
			sourceTree = "<group>";
		};
		E8844D812A27A5C800C2D290 /* SpotifyApp */ = {
			isa = PBXGroup;
			children = (
				E89E09D82A3C548D0009A51A /* Presenter */,
				E8844D9B2A27A6F100C2D290 /* Resources */,
				E8844D9A2A27A6DB00C2D290 /* Managers */,
				E8844D992A27A6C800C2D290 /* ViewModels */,
				E8844D982A27A6C300C2D290 /* Models */,
				E8844D972A27A6B400C2D290 /* Views */,
				E8844D962A27A69100C2D290 /* Controllers */,
				E8844D902A27A5C900C2D290 /* Info.plist */,
			);
			path = SpotifyApp;
			sourceTree = "<group>";
		};
		E8844D962A27A69100C2D290 /* Controllers */ = {
			isa = PBXGroup;
			children = (
				E8844DA32A27AB3E00C2D290 /* Other */,
				E8844DA22A27AB1E00C2D290 /* Core */,
			);
			path = Controllers;
			sourceTree = "<group>";
		};
		E8844D972A27A6B400C2D290 /* Views */ = {
			isa = PBXGroup;
			children = (
				E89692442A3B0F2A002EEA39 /* SearchResultsCells */,
				E86FC7F22A310A2E0038A9D8 /* Browse */,
				E8844D8D2A27A5C900C2D290 /* LaunchScreen.storyboard */,
				E885BC102A34898E00ECBEE0 /* PlaylistHeaderCollectionReusableView.swift */,
				E856BB5A2A35CA3700CFD524 /* TitleHeaderCollectionReusableView.swift */,
				E856BB5C2A35D8D900CFD524 /* AlbumTrackCollectionViewCell.swift */,
				E87CD48C2A3878DB00113891 /* CategoryCollectionViewCell.swift */,
				E89E09DB2A3C5CD60009A51A /* PlayerControlsView.swift */,
				E801E4052A48D841003763C2 /* LibraryToggleView.swift */,
				E87265422A49BE57006E75EF /* ActionLabelView.swift */,
			);
			path = Views;
			sourceTree = "<group>";
		};
		E8844D982A27A6C300C2D290 /* Models */ = {
			isa = PBXGroup;
			children = (
				E8844DB82A27AE9900C2D290 /* Playlist.swift */,
				E8844DBC2A27AEC300C2D290 /* AudioTrack.swift */,
				E8844DBE2A27AEE100C2D290 /* Artist.swift */,
				E8844DC02A27AF1A00C2D290 /* UserProfile.swift */,
				E82663832A2DEF4200ED124B /* APIImage.swift */,
				E8B1DBCB2A29E74900EEA38C /* AuthResponse.swift */,
				E8C3DA472A2A487F0043713B /* SettingsModels.swift */,
				E82663812A2DEE0400ED124B /* NewReleasesResponse.swift */,
				E82663852A2DF52B00ED124B /* FeaturedPlaylistsResponse.swift */,
				E82663872A2DFDF500ED124B /* RecommendedGenresResponse.swift */,
				E86FC7F02A308ACC0038A9D8 /* RecommendationsResponse.swift */,
				E884252F2A326391002109CB /* AlbumDetailsResponse.swift */,
				E88425312A326823002109CB /* PlaylistDetailsResponse.swift */,
				E87CD4902A38832F00113891 /* AllCategoriesResponse.swift */,
				E8076DBF2A3A1F1200B34DDE /* SearchResult.swift */,
				E8076DC12A3A1F4200B34DDE /* SearchResultsResponse.swift */,
				E87265402A49BC55006E75EF /* LibraryPlaylistsResponse.swift */,
				E846EF5C2A5017CE002724B3 /* LibraryAlbumsResponse.swift */,
			);
			path = Models;
			sourceTree = "<group>";
		};
		E8844D992A27A6C800C2D290 /* ViewModels */ = {
			isa = PBXGroup;
			children = (
				E8E459F72A31D2E500836021 /* NewReleasesCellViewModel.swift */,
				E8A6070B2A3238AF00C2CA23 /* FeaturedPlaylistCellViewModel.swift */,
				E8A6070D2A32390300C2CA23 /* RecommendedTrackCellViewModel.swift */,
				E885BC122A348FB000ECBEE0 /* PlaylistHeadeViewViewModel.swift */,
				E856BB5E2A35D95C00CFD524 /* AlbumCollectionViewCellViewModel.swift */,
				E87CD48E2A387AC200113891 /* GenreCollectionViewCellViewModel.swift */,
				E87CD4922A3889B700113891 /* CategoryCollectionViewCellViewModel.swift */,
				E89692472A3B12E2002EEA39 /* SearchResultDefaultTableViewCellViewModel.swift */,
				E896924B2A3B22FB002EEA39 /* SearchResultSubtitleTableViewCellViewModel.swift */,
			);
			path = ViewModels;
			sourceTree = "<group>";
		};
		E8844D9A2A27A6DB00C2D290 /* Managers */ = {
			isa = PBXGroup;
			children = (
				E8844DB22A27AE1E00C2D290 /* AuthManager.swift */,
				E8844DB42A27AE4700C2D290 /* APICaller.swift */,
				E8844DB62A27AE6300C2D290 /* HapticsManager.swift */,
			);
			path = Managers;
			sourceTree = "<group>";
		};
		E8844D9B2A27A6F100C2D290 /* Resources */ = {
			isa = PBXGroup;
			children = (
				E8844D822A27A5C800C2D290 /* AppDelegate.swift */,
				E8844D842A27A5C800C2D290 /* SceneDelegate.swift */,
				E8180A252A288A2D00CCBC0F /* Extensions.swift */,
				E8844D8B2A27A5C900C2D290 /* Assets.xcassets */,
			);
			path = Resources;
			sourceTree = "<group>";
		};
		E8844DA22A27AB1E00C2D290 /* Core */ = {
			isa = PBXGroup;
			children = (
				E8844D9C2A27AA8200C2D290 /* TabBarViewController.swift */,
				E8844D862A27A5C800C2D290 /* HomeViewController.swift */,
				E8844D9E2A27AAD700C2D290 /* SearchViewController.swift */,
				E8844DA02A27AB0B00C2D290 /* LibraryViewController.swift */,
			);
			path = Core;
			sourceTree = "<group>";
		};
		E8844DA32A27AB3E00C2D290 /* Other */ = {
			isa = PBXGroup;
			children = (
				E801E4002A48D65D003763C2 /* Library */,
				E8844DA42A27AB5E00C2D290 /* AuthViewController.swift */,
				E8844DA62A27AB7A00C2D290 /* WelcomeViewController.swift */,
				E8844DA82A27ABA200C2D290 /* SettingsViewController.swift */,
				E8844DAA2A27ABB900C2D290 /* ProfileViewController.swift */,
				E8844DAC2A27ABD300C2D290 /* PlayerViewController.swift */,
				E8844DAE2A27ABF000C2D290 /* PlaylistViewController.swift */,
				E884252D2A325E0B002109CB /* AlbumViewController.swift */,
				E8844DB02A27AC1600C2D290 /* SearchResultsViewController.swift */,
				E87CD4962A388C0100113891 /* CategoryViewController.swift */,
			);
			path = Other;
			sourceTree = "<group>";
		};
		E89692442A3B0F2A002EEA39 /* SearchResultsCells */ = {
			isa = PBXGroup;
			children = (
				E89692452A3B0F5D002EEA39 /* SearchResultDefaultTableViewCell.swift */,
				E89692492A3B21D3002EEA39 /* SearchResultSubtitleTableViewCell.swift */,
			);
			path = SearchResultsCells;
			sourceTree = "<group>";
		};
		E89E09D82A3C548D0009A51A /* Presenter */ = {
			isa = PBXGroup;
			children = (
				E89E09D92A3C549B0009A51A /* PlaybackPresenter.swift */,
			);
			path = Presenter;
			sourceTree = "<group>";
		};
/* End PBXGroup section */

/* Begin PBXNativeTarget section */
		E8844D7E2A27A5C800C2D290 /* SpotifyApp */ = {
			isa = PBXNativeTarget;
			buildConfigurationList = E8844D932A27A5C900C2D290 /* Build configuration list for PBXNativeTarget "SpotifyApp" */;
			buildPhases = (
				E90A181E6D47B86D144C2884 /* [CP] Check Pods Manifest.lock */,
				E8844D7B2A27A5C800C2D290 /* Sources */,
				E8844D7C2A27A5C800C2D290 /* Frameworks */,
				E8844D7D2A27A5C800C2D290 /* Resources */,
				3DBD8F14261997B5BAF07BBE /* [CP] Embed Pods Frameworks */,
			);
			buildRules = (
			);
			dependencies = (
			);
			name = SpotifyApp;
			productName = SpotifyApp;
			productReference = E8844D7F2A27A5C800C2D290 /* SpotifyApp.app */;
			productType = "com.apple.product-type.application";
		};
/* End PBXNativeTarget section */

/* Begin PBXProject section */
		E8844D772A27A5C800C2D290 /* Project object */ = {
			isa = PBXProject;
			attributes = {
				BuildIndependentTargetsInParallel = 1;
				LastSwiftUpdateCheck = 1430;
				LastUpgradeCheck = 1430;
				TargetAttributes = {
					E8844D7E2A27A5C800C2D290 = {
						CreatedOnToolsVersion = 14.3;
					};
				};
			};
			buildConfigurationList = E8844D7A2A27A5C800C2D290 /* Build configuration list for PBXProject "SpotifyApp" */;
			compatibilityVersion = "Xcode 14.0";
			developmentRegion = en;
			hasScannedForEncodings = 0;
			knownRegions = (
				en,
				Base,
			);
			mainGroup = E8844D762A27A5C800C2D290;
			productRefGroup = E8844D802A27A5C800C2D290 /* Products */;
			projectDirPath = "";
			projectRoot = "";
			targets = (
				E8844D7E2A27A5C800C2D290 /* SpotifyApp */,
			);
		};
/* End PBXProject section */

/* Begin PBXResourcesBuildPhase section */
		E8844D7D2A27A5C800C2D290 /* Resources */ = {
			isa = PBXResourcesBuildPhase;
			buildActionMask = 2147483647;
			files = (
				E8844D8F2A27A5C900C2D290 /* LaunchScreen.storyboard in Resources */,
				E8844D8C2A27A5C900C2D290 /* Assets.xcassets in Resources */,
			);
			runOnlyForDeploymentPostprocessing = 0;
		};
/* End PBXResourcesBuildPhase section */

/* Begin PBXShellScriptBuildPhase section */
		3DBD8F14261997B5BAF07BBE /* [CP] Embed Pods Frameworks */ = {
			isa = PBXShellScriptBuildPhase;
			buildActionMask = 2147483647;
			files = (
			);
			inputFileListPaths = (
				"${PODS_ROOT}/Target Support Files/Pods-SpotifyApp/Pods-SpotifyApp-frameworks-${CONFIGURATION}-input-files.xcfilelist",
			);
			name = "[CP] Embed Pods Frameworks";
			outputFileListPaths = (
				"${PODS_ROOT}/Target Support Files/Pods-SpotifyApp/Pods-SpotifyApp-frameworks-${CONFIGURATION}-output-files.xcfilelist",
			);
			runOnlyForDeploymentPostprocessing = 0;
			shellPath = /bin/sh;
			shellScript = "\"${PODS_ROOT}/Target Support Files/Pods-SpotifyApp/Pods-SpotifyApp-frameworks.sh\"\n";
			showEnvVarsInLog = 0;
		};
		E90A181E6D47B86D144C2884 /* [CP] Check Pods Manifest.lock */ = {
			isa = PBXShellScriptBuildPhase;
			buildActionMask = 2147483647;
			files = (
			);
			inputFileListPaths = (
			);
			inputPaths = (
				"${PODS_PODFILE_DIR_PATH}/Podfile.lock",
				"${PODS_ROOT}/Manifest.lock",
			);
			name = "[CP] Check Pods Manifest.lock";
			outputFileListPaths = (
			);
			outputPaths = (
				"$(DERIVED_FILE_DIR)/Pods-SpotifyApp-checkManifestLockResult.txt",
			);
			runOnlyForDeploymentPostprocessing = 0;
			shellPath = /bin/sh;
			shellScript = "diff \"${PODS_PODFILE_DIR_PATH}/Podfile.lock\" \"${PODS_ROOT}/Manifest.lock\" > /dev/null\nif [ $? != 0 ] ; then\n    # print error to STDERR\n    echo \"error: The sandbox is not in sync with the Podfile.lock. Run 'pod install' or update your CocoaPods installation.\" >&2\n    exit 1\nfi\n# This output is used by Xcode 'outputs' to avoid re-running this script phase.\necho \"SUCCESS\" > \"${SCRIPT_OUTPUT_FILE_0}\"\n";
			showEnvVarsInLog = 0;
		};
/* End PBXShellScriptBuildPhase section */

/* Begin PBXSourcesBuildPhase section */
		E8844D7B2A27A5C800C2D290 /* Sources */ = {
			isa = PBXSourcesBuildPhase;
			buildActionMask = 2147483647;
			files = (
				E89692462A3B0F5D002EEA39 /* SearchResultDefaultTableViewCell.swift in Sources */,
				E8844DA72A27AB7A00C2D290 /* WelcomeViewController.swift in Sources */,
				E87CD4932A3889B700113891 /* CategoryCollectionViewCellViewModel.swift in Sources */,
				E88425322A326823002109CB /* PlaylistDetailsResponse.swift in Sources */,
				E8844DB92A27AE9900C2D290 /* Playlist.swift in Sources */,
				E8844DB32A27AE1E00C2D290 /* AuthManager.swift in Sources */,
				E8E459F82A31D2E500836021 /* NewReleasesCellViewModel.swift in Sources */,
				E801E4042A48D6A0003763C2 /* LibraryAlbumsViewController.swift in Sources */,
				E856BB5F2A35D95C00CFD524 /* AlbumCollectionViewCellViewModel.swift in Sources */,
				E87265432A49BE57006E75EF /* ActionLabelView.swift in Sources */,
				E8A6070E2A32390300C2CA23 /* RecommendedTrackCellViewModel.swift in Sources */,
				E8844D9F2A27AAD700C2D290 /* SearchViewController.swift in Sources */,
				E856BB5B2A35CA3700CFD524 /* TitleHeaderCollectionReusableView.swift in Sources */,
				E884252E2A325E0B002109CB /* AlbumViewController.swift in Sources */,
				E8A6070C2A3238AF00C2CA23 /* FeaturedPlaylistCellViewModel.swift in Sources */,
				E8844DAB2A27ABB900C2D290 /* ProfileViewController.swift in Sources */,
				E8844D9D2A27AA8200C2D290 /* TabBarViewController.swift in Sources */,
				E8844DB12A27AC1600C2D290 /* SearchResultsViewController.swift in Sources */,
				E89E09DC2A3C5CD60009A51A /* PlayerControlsView.swift in Sources */,
				E8844DB72A27AE6300C2D290 /* HapticsManager.swift in Sources */,
				E86FC7F82A310AE60038A9D8 /* RecommendedTrackCollectionViewCell.swift in Sources */,
				E8B1DBCC2A29E74900EEA38C /* AuthResponse.swift in Sources */,
				E82663822A2DEE0400ED124B /* NewReleasesResponse.swift in Sources */,
				E87CD48D2A3878DB00113891 /* CategoryCollectionViewCell.swift in Sources */,
				E82663842A2DEF4200ED124B /* APIImage.swift in Sources */,
				E89692482A3B12E2002EEA39 /* SearchResultDefaultTableViewCellViewModel.swift in Sources */,
				E89E09DA2A3C549B0009A51A /* PlaybackPresenter.swift in Sources */,
				E8844DBD2A27AEC300C2D290 /* AudioTrack.swift in Sources */,
				E856BB5D2A35D8D900CFD524 /* AlbumTrackCollectionViewCell.swift in Sources */,
				E8844D872A27A5C800C2D290 /* HomeViewController.swift in Sources */,
				E8844DA52A27AB5E00C2D290 /* AuthViewController.swift in Sources */,
				E846EF5D2A5017CE002724B3 /* LibraryAlbumsResponse.swift in Sources */,
				E86FC7F42A310A730038A9D8 /* NewReleaseCollectionViewCell.swift in Sources */,
				E8844D832A27A5C800C2D290 /* AppDelegate.swift in Sources */,
				E86FC7F62A310AB70038A9D8 /* FeaturedPlaylistCollectionViewCell.swift in Sources */,
				E8844DC12A27AF1A00C2D290 /* UserProfile.swift in Sources */,
				E8180A262A288A2D00CCBC0F /* Extensions.swift in Sources */,
				E86FC7F12A308ACC0038A9D8 /* RecommendationsResponse.swift in Sources */,
				E801E4062A48D841003763C2 /* LibraryToggleView.swift in Sources */,
				E885BC112A34898E00ECBEE0 /* PlaylistHeaderCollectionReusableView.swift in Sources */,
				E8844DA12A27AB0B00C2D290 /* LibraryViewController.swift in Sources */,
				E8844DBF2A27AEE100C2D290 /* Artist.swift in Sources */,
				E87CD4912A38832F00113891 /* AllCategoriesResponse.swift in Sources */,
				E896924C2A3B22FB002EEA39 /* SearchResultSubtitleTableViewCellViewModel.swift in Sources */,
				E801E4022A48D681003763C2 /* LibraryPlaylistsViewController.swift in Sources */,
				E8C3DA482A2A487F0043713B /* SettingsModels.swift in Sources */,
				E8844DAF2A27ABF000C2D290 /* PlaylistViewController.swift in Sources */,
				E8076DC02A3A1F1200B34DDE /* SearchResult.swift in Sources */,
				E8844D852A27A5C800C2D290 /* SceneDelegate.swift in Sources */,
				E8844DAD2A27ABD300C2D290 /* PlayerViewController.swift in Sources */,
				E87CD48F2A387AC200113891 /* GenreCollectionViewCellViewModel.swift in Sources */,
				E88425302A326391002109CB /* AlbumDetailsResponse.swift in Sources */,
				E8844DB52A27AE4700C2D290 /* APICaller.swift in Sources */,
				E885BC132A348FB000ECBEE0 /* PlaylistHeadeViewViewModel.swift in Sources */,
				E87CD4972A388C0100113891 /* CategoryViewController.swift in Sources */,
				E82663862A2DF52B00ED124B /* FeaturedPlaylistsResponse.swift in Sources */,
				E8844DA92A27ABA200C2D290 /* SettingsViewController.swift in Sources */,
				E87265412A49BC55006E75EF /* LibraryPlaylistsResponse.swift in Sources */,
				E82663882A2DFDF500ED124B /* RecommendedGenresResponse.swift in Sources */,
				E896924A2A3B21D3002EEA39 /* SearchResultSubtitleTableViewCell.swift in Sources */,
				E8076DC22A3A1F4200B34DDE /* SearchResultsResponse.swift in Sources */,
			);
			runOnlyForDeploymentPostprocessing = 0;
		};
/* End PBXSourcesBuildPhase section */

/* Begin PBXVariantGroup section */
		E8844D8D2A27A5C900C2D290 /* LaunchScreen.storyboard */ = {
			isa = PBXVariantGroup;
			children = (
				E8844D8E2A27A5C900C2D290 /* Base */,
			);
			name = LaunchScreen.storyboard;
			sourceTree = "<group>";
		};
/* End PBXVariantGroup section */

/* Begin XCBuildConfiguration section */
		E8844D912A27A5C900C2D290 /* Debug */ = {
			isa = XCBuildConfiguration;
			buildSettings = {
				ALWAYS_SEARCH_USER_PATHS = NO;
				CLANG_ANALYZER_NONNULL = YES;
				CLANG_ANALYZER_NUMBER_OBJECT_CONVERSION = YES_AGGRESSIVE;
				CLANG_CXX_LANGUAGE_STANDARD = "gnu++20";
				CLANG_ENABLE_MODULES = YES;
				CLANG_ENABLE_OBJC_ARC = YES;
				CLANG_ENABLE_OBJC_WEAK = YES;
				CLANG_WARN_BLOCK_CAPTURE_AUTORELEASING = YES;
				CLANG_WARN_BOOL_CONVERSION = YES;
				CLANG_WARN_COMMA = YES;
				CLANG_WARN_CONSTANT_CONVERSION = YES;
				CLANG_WARN_DEPRECATED_OBJC_IMPLEMENTATIONS = YES;
				CLANG_WARN_DIRECT_OBJC_ISA_USAGE = YES_ERROR;
				CLANG_WARN_DOCUMENTATION_COMMENTS = YES;
				CLANG_WARN_EMPTY_BODY = YES;
				CLANG_WARN_ENUM_CONVERSION = YES;
				CLANG_WARN_INFINITE_RECURSION = YES;
				CLANG_WARN_INT_CONVERSION = YES;
				CLANG_WARN_NON_LITERAL_NULL_CONVERSION = YES;
				CLANG_WARN_OBJC_IMPLICIT_RETAIN_SELF = YES;
				CLANG_WARN_OBJC_LITERAL_CONVERSION = YES;
				CLANG_WARN_OBJC_ROOT_CLASS = YES_ERROR;
				CLANG_WARN_QUOTED_INCLUDE_IN_FRAMEWORK_HEADER = YES;
				CLANG_WARN_RANGE_LOOP_ANALYSIS = YES;
				CLANG_WARN_STRICT_PROTOTYPES = YES;
				CLANG_WARN_SUSPICIOUS_MOVE = YES;
				CLANG_WARN_UNGUARDED_AVAILABILITY = YES_AGGRESSIVE;
				CLANG_WARN_UNREACHABLE_CODE = YES;
				CLANG_WARN__DUPLICATE_METHOD_MATCH = YES;
				COPY_PHASE_STRIP = NO;
				DEBUG_INFORMATION_FORMAT = dwarf;
				ENABLE_STRICT_OBJC_MSGSEND = YES;
				ENABLE_TESTABILITY = YES;
				GCC_C_LANGUAGE_STANDARD = gnu11;
				GCC_DYNAMIC_NO_PIC = NO;
				GCC_NO_COMMON_BLOCKS = YES;
				GCC_OPTIMIZATION_LEVEL = 0;
				GCC_PREPROCESSOR_DEFINITIONS = (
					"DEBUG=1",
					"$(inherited)",
				);
				GCC_WARN_64_TO_32_BIT_CONVERSION = YES;
				GCC_WARN_ABOUT_RETURN_TYPE = YES_ERROR;
				GCC_WARN_UNDECLARED_SELECTOR = YES;
				GCC_WARN_UNINITIALIZED_AUTOS = YES_AGGRESSIVE;
				GCC_WARN_UNUSED_FUNCTION = YES;
				GCC_WARN_UNUSED_VARIABLE = YES;
				IPHONEOS_DEPLOYMENT_TARGET = 16.4;
				MTL_ENABLE_DEBUG_INFO = INCLUDE_SOURCE;
				MTL_FAST_MATH = YES;
				ONLY_ACTIVE_ARCH = YES;
				SDKROOT = iphoneos;
				SWIFT_ACTIVE_COMPILATION_CONDITIONS = DEBUG;
				SWIFT_OPTIMIZATION_LEVEL = "-Onone";
			};
			name = Debug;
		};
		E8844D922A27A5C900C2D290 /* Release */ = {
			isa = XCBuildConfiguration;
			buildSettings = {
				ALWAYS_SEARCH_USER_PATHS = NO;
				CLANG_ANALYZER_NONNULL = YES;
				CLANG_ANALYZER_NUMBER_OBJECT_CONVERSION = YES_AGGRESSIVE;
				CLANG_CXX_LANGUAGE_STANDARD = "gnu++20";
				CLANG_ENABLE_MODULES = YES;
				CLANG_ENABLE_OBJC_ARC = YES;
				CLANG_ENABLE_OBJC_WEAK = YES;
				CLANG_WARN_BLOCK_CAPTURE_AUTORELEASING = YES;
				CLANG_WARN_BOOL_CONVERSION = YES;
				CLANG_WARN_COMMA = YES;
				CLANG_WARN_CONSTANT_CONVERSION = YES;
				CLANG_WARN_DEPRECATED_OBJC_IMPLEMENTATIONS = YES;
				CLANG_WARN_DIRECT_OBJC_ISA_USAGE = YES_ERROR;
				CLANG_WARN_DOCUMENTATION_COMMENTS = YES;
				CLANG_WARN_EMPTY_BODY = YES;
				CLANG_WARN_ENUM_CONVERSION = YES;
				CLANG_WARN_INFINITE_RECURSION = YES;
				CLANG_WARN_INT_CONVERSION = YES;
				CLANG_WARN_NON_LITERAL_NULL_CONVERSION = YES;
				CLANG_WARN_OBJC_IMPLICIT_RETAIN_SELF = YES;
				CLANG_WARN_OBJC_LITERAL_CONVERSION = YES;
				CLANG_WARN_OBJC_ROOT_CLASS = YES_ERROR;
				CLANG_WARN_QUOTED_INCLUDE_IN_FRAMEWORK_HEADER = YES;
				CLANG_WARN_RANGE_LOOP_ANALYSIS = YES;
				CLANG_WARN_STRICT_PROTOTYPES = YES;
				CLANG_WARN_SUSPICIOUS_MOVE = YES;
				CLANG_WARN_UNGUARDED_AVAILABILITY = YES_AGGRESSIVE;
				CLANG_WARN_UNREACHABLE_CODE = YES;
				CLANG_WARN__DUPLICATE_METHOD_MATCH = YES;
				COPY_PHASE_STRIP = NO;
				DEBUG_INFORMATION_FORMAT = "dwarf-with-dsym";
				ENABLE_NS_ASSERTIONS = NO;
				ENABLE_STRICT_OBJC_MSGSEND = YES;
				GCC_C_LANGUAGE_STANDARD = gnu11;
				GCC_NO_COMMON_BLOCKS = YES;
				GCC_WARN_64_TO_32_BIT_CONVERSION = YES;
				GCC_WARN_ABOUT_RETURN_TYPE = YES_ERROR;
				GCC_WARN_UNDECLARED_SELECTOR = YES;
				GCC_WARN_UNINITIALIZED_AUTOS = YES_AGGRESSIVE;
				GCC_WARN_UNUSED_FUNCTION = YES;
				GCC_WARN_UNUSED_VARIABLE = YES;
				IPHONEOS_DEPLOYMENT_TARGET = 16.4;
				MTL_ENABLE_DEBUG_INFO = NO;
				MTL_FAST_MATH = YES;
				SDKROOT = iphoneos;
				SWIFT_COMPILATION_MODE = wholemodule;
				SWIFT_OPTIMIZATION_LEVEL = "-O";
				VALIDATE_PRODUCT = YES;
			};
			name = Release;
		};
		E8844D942A27A5C900C2D290 /* Debug */ = {
			isa = XCBuildConfiguration;
			baseConfigurationReference = FC12B523C0B0A643951FE026 /* Pods-SpotifyApp.debug.xcconfig */;
			buildSettings = {
				ASSETCATALOG_COMPILER_APPICON_NAME = AppIcon;
				ASSETCATALOG_COMPILER_GLOBAL_ACCENT_COLOR_NAME = AccentColor;
				CODE_SIGN_STYLE = Automatic;
				CURRENT_PROJECT_VERSION = 1;
				DEVELOPMENT_TEAM = KRS4A3VCQQ;
				GENERATE_INFOPLIST_FILE = YES;
				INFOPLIST_FILE = SpotifyApp/Info.plist;
				INFOPLIST_KEY_UIApplicationSupportsIndirectInputEvents = YES;
				INFOPLIST_KEY_UILaunchStoryboardName = LaunchScreen;
				INFOPLIST_KEY_UISupportedInterfaceOrientations_iPad = "UIInterfaceOrientationPortrait UIInterfaceOrientationPortraitUpsideDown UIInterfaceOrientationLandscapeLeft UIInterfaceOrientationLandscapeRight";
				INFOPLIST_KEY_UISupportedInterfaceOrientations_iPhone = "UIInterfaceOrientationPortrait UIInterfaceOrientationLandscapeLeft UIInterfaceOrientationLandscapeRight";
				LD_RUNPATH_SEARCH_PATHS = (
					"$(inherited)",
					"@executable_path/Frameworks",
				);
				MARKETING_VERSION = 1.0;
				PRODUCT_BUNDLE_IDENTIFIER = aidinahmadian.Stocks.SpotifyApp;
				PRODUCT_NAME = "$(TARGET_NAME)";
				SWIFT_EMIT_LOC_STRINGS = YES;
				SWIFT_VERSION = 5.0;
				TARGETED_DEVICE_FAMILY = "1,2";
			};
			name = Debug;
		};
		E8844D952A27A5C900C2D290 /* Release */ = {
			isa = XCBuildConfiguration;
			baseConfigurationReference = 4E72981B6D83553ACA2A2260 /* Pods-SpotifyApp.release.xcconfig */;
			buildSettings = {
				ASSETCATALOG_COMPILER_APPICON_NAME = AppIcon;
				ASSETCATALOG_COMPILER_GLOBAL_ACCENT_COLOR_NAME = AccentColor;
				CODE_SIGN_STYLE = Automatic;
				CURRENT_PROJECT_VERSION = 1;
				DEVELOPMENT_TEAM = KRS4A3VCQQ;
				GENERATE_INFOPLIST_FILE = YES;
				INFOPLIST_FILE = SpotifyApp/Info.plist;
				INFOPLIST_KEY_UIApplicationSupportsIndirectInputEvents = YES;
				INFOPLIST_KEY_UILaunchStoryboardName = LaunchScreen;
				INFOPLIST_KEY_UISupportedInterfaceOrientations_iPad = "UIInterfaceOrientationPortrait UIInterfaceOrientationPortraitUpsideDown UIInterfaceOrientationLandscapeLeft UIInterfaceOrientationLandscapeRight";
				INFOPLIST_KEY_UISupportedInterfaceOrientations_iPhone = "UIInterfaceOrientationPortrait UIInterfaceOrientationLandscapeLeft UIInterfaceOrientationLandscapeRight";
				LD_RUNPATH_SEARCH_PATHS = (
					"$(inherited)",
					"@executable_path/Frameworks",
				);
				MARKETING_VERSION = 1.0;
				PRODUCT_BUNDLE_IDENTIFIER = aidinahmadian.Stocks.SpotifyApp;
				PRODUCT_NAME = "$(TARGET_NAME)";
				SWIFT_EMIT_LOC_STRINGS = YES;
				SWIFT_VERSION = 5.0;
				TARGETED_DEVICE_FAMILY = "1,2";
			};
			name = Release;
		};
/* End XCBuildConfiguration section */

/* Begin XCConfigurationList section */
		E8844D7A2A27A5C800C2D290 /* Build configuration list for PBXProject "SpotifyApp" */ = {
			isa = XCConfigurationList;
			buildConfigurations = (
				E8844D912A27A5C900C2D290 /* Debug */,
				E8844D922A27A5C900C2D290 /* Release */,
			);
			defaultConfigurationIsVisible = 0;
			defaultConfigurationName = Release;
		};
		E8844D932A27A5C900C2D290 /* Build configuration list for PBXNativeTarget "SpotifyApp" */ = {
			isa = XCConfigurationList;
			buildConfigurations = (
				E8844D942A27A5C900C2D290 /* Debug */,
				E8844D952A27A5C900C2D290 /* Release */,
			);
			defaultConfigurationIsVisible = 0;
			defaultConfigurationName = Release;
		};
/* End XCConfigurationList section */
	};
	rootObject = E8844D772A27A5C800C2D290 /* Project object */;
}
